// !$*UTF8*$!
{
	archiveVersion = 1;
	classes = {
	};
	objectVersion = 46;
	objects = {

/* Begin PBXBuildFile section */
		36AA48221BE225C900E1A955 /* blurEffect1.gif in Resources */ = {isa = PBXBuildFile; fileRef = 36AA481D1BE225C900E1A955 /* blurEffect1.gif */; settings = {ASSET_TAGS = (); }; };
		36AA48231BE225C900E1A955 /* Simulator Screen Shot 2015.10.29 18.57.09.png in Resources */ = {isa = PBXBuildFile; fileRef = 36AA481E1BE225C900E1A955 /* Simulator Screen Shot 2015.10.29 18.57.09.png */; settings = {ASSET_TAGS = (); }; };
		36AA48241BE225C900E1A955 /* Simulator Screen Shot 2015.10.29 18.57.26.png in Resources */ = {isa = PBXBuildFile; fileRef = 36AA481F1BE225C900E1A955 /* Simulator Screen Shot 2015.10.29 18.57.26.png */; settings = {ASSET_TAGS = (); }; };
		36AA48251BE225C900E1A955 /* Simulator Screen Shot 2015.10.29 18.57.33.png in Resources */ = {isa = PBXBuildFile; fileRef = 36AA48201BE225C900E1A955 /* Simulator Screen Shot 2015.10.29 18.57.33.png */; settings = {ASSET_TAGS = (); }; };
		36AA48261BE225C900E1A955 /* Simulator Screen Shot 2015.10.29 18.57.49.png in Resources */ = {isa = PBXBuildFile; fileRef = 36AA48211BE225C900E1A955 /* Simulator Screen Shot 2015.10.29 18.57.49.png */; settings = {ASSET_TAGS = (); }; };
		36B19B941BDE2AD100DD35A9 /* AppDelegate.swift in Sources */ = {isa = PBXBuildFile; fileRef = 36B19B931BDE2AD100DD35A9 /* AppDelegate.swift */; };
		36B19B961BDE2AD100DD35A9 /* ViewController.swift in Sources */ = {isa = PBXBuildFile; fileRef = 36B19B951BDE2AD100DD35A9 /* ViewController.swift */; };
		36B19B991BDE2AD100DD35A9 /* Main.storyboard in Resources */ = {isa = PBXBuildFile; fileRef = 36B19B971BDE2AD100DD35A9 /* Main.storyboard */; };
		36B19B9B1BDE2AD100DD35A9 /* Assets.xcassets in Resources */ = {isa = PBXBuildFile; fileRef = 36B19B9A1BDE2AD100DD35A9 /* Assets.xcassets */; };
		36B19B9E1BDE2AD100DD35A9 /* LaunchScreen.storyboard in Resources */ = {isa = PBXBuildFile; fileRef = 36B19B9C1BDE2AD100DD35A9 /* LaunchScreen.storyboard */; };
		36B19BA91BDE2AD100DD35A9 /* CameraRollAccessTests.swift in Sources */ = {isa = PBXBuildFile; fileRef = 36B19BA81BDE2AD100DD35A9 /* CameraRollAccessTests.swift */; };
		36B19BB41BDE2AD100DD35A9 /* CameraRollAccessUITests.swift in Sources */ = {isa = PBXBuildFile; fileRef = 36B19BB31BDE2AD100DD35A9 /* CameraRollAccessUITests.swift */; };
/* End PBXBuildFile section */

/* Begin PBXContainerItemProxy section */
		36B19BA51BDE2AD100DD35A9 /* PBXContainerItemProxy */ = {
			isa = PBXContainerItemProxy;
			containerPortal = 36B19B881BDE2AD100DD35A9 /* Project object */;
			proxyType = 1;
			remoteGlobalIDString = 36B19B8F1BDE2AD100DD35A9;
			remoteInfo = CameraRollAccess;
		};
		36B19BB01BDE2AD100DD35A9 /* PBXContainerItemProxy */ = {
			isa = PBXContainerItemProxy;
			containerPortal = 36B19B881BDE2AD100DD35A9 /* Project object */;
			proxyType = 1;
			remoteGlobalIDString = 36B19B8F1BDE2AD100DD35A9;
			remoteInfo = CameraRollAccess;
		};
/* End PBXContainerItemProxy section */

/* Begin PBXFileReference section */
		36AA481D1BE225C900E1A955 /* blurEffect1.gif */ = {isa = PBXFileReference; lastKnownFileType = image.gif; path = blurEffect1.gif; sourceTree = "<group>"; };
		36AA481E1BE225C900E1A955 /* Simulator Screen Shot 2015.10.29 18.57.09.png */ = {isa = PBXFileReference; lastKnownFileType = image.png; path = "Simulator Screen Shot 2015.10.29 18.57.09.png"; sourceTree = "<group>"; };
		36AA481F1BE225C900E1A955 /* Simulator Screen Shot 2015.10.29 18.57.26.png */ = {isa = PBXFileReference; lastKnownFileType = image.png; path = "Simulator Screen Shot 2015.10.29 18.57.26.png"; sourceTree = "<group>"; };
		36AA48201BE225C900E1A955 /* Simulator Screen Shot 2015.10.29 18.57.33.png */ = {isa = PBXFileReference; lastKnownFileType = image.png; path = "Simulator Screen Shot 2015.10.29 18.57.33.png"; sourceTree = "<group>"; };
		36AA48211BE225C900E1A955 /* Simulator Screen Shot 2015.10.29 18.57.49.png */ = {isa = PBXFileReference; lastKnownFileType = image.png; path = "Simulator Screen Shot 2015.10.29 18.57.49.png"; sourceTree = "<group>"; };
		36B19B901BDE2AD100DD35A9 /* CameraRollAccess.app */ = {isa = PBXFileReference; explicitFileType = wrapper.application; includeInIndex = 0; path = CameraRollAccess.app; sourceTree = BUILT_PRODUCTS_DIR; };
		36B19B931BDE2AD100DD35A9 /* AppDelegate.swift */ = {isa = PBXFileReference; lastKnownFileType = sourcecode.swift; path = AppDelegate.swift; sourceTree = "<group>"; };
		36B19B951BDE2AD100DD35A9 /* ViewController.swift */ = {isa = PBXFileReference; lastKnownFileType = sourcecode.swift; path = ViewController.swift; sourceTree = "<group>"; };
		36B19B981BDE2AD100DD35A9 /* Base */ = {isa = PBXFileReference; lastKnownFileType = file.storyboard; name = Base; path = Base.lproj/Main.storyboard; sourceTree = "<group>"; };
		36B19B9A1BDE2AD100DD35A9 /* Assets.xcassets */ = {isa = PBXFileReference; lastKnownFileType = folder.assetcatalog; path = Assets.xcassets; sourceTree = "<group>"; };
		36B19B9D1BDE2AD100DD35A9 /* Base */ = {isa = PBXFileReference; lastKnownFileType = file.storyboard; name = Base; path = Base.lproj/LaunchScreen.storyboard; sourceTree = "<group>"; };
		36B19B9F1BDE2AD100DD35A9 /* Info.plist */ = {isa = PBXFileReference; lastKnownFileType = text.plist.xml; path = Info.plist; sourceTree = "<group>"; };
		36B19BA41BDE2AD100DD35A9 /* CameraRollAccessTests.xctest */ = {isa = PBXFileReference; explicitFileType = wrapper.cfbundle; includeInIndex = 0; path = CameraRollAccessTests.xctest; sourceTree = BUILT_PRODUCTS_DIR; };
		36B19BA81BDE2AD100DD35A9 /* CameraRollAccessTests.swift */ = {isa = PBXFileReference; lastKnownFileType = sourcecode.swift; path = CameraRollAccessTests.swift; sourceTree = "<group>"; };
		36B19BAA1BDE2AD100DD35A9 /* Info.plist */ = {isa = PBXFileReference; lastKnownFileType = text.plist.xml; path = Info.plist; sourceTree = "<group>"; };
		36B19BAF1BDE2AD100DD35A9 /* CameraRollAccessUITests.xctest */ = {isa = PBXFileReference; explicitFileType = wrapper.cfbundle; includeInIndex = 0; path = CameraRollAccessUITests.xctest; sourceTree = BUILT_PRODUCTS_DIR; };
		36B19BB31BDE2AD100DD35A9 /* CameraRollAccessUITests.swift */ = {isa = PBXFileReference; lastKnownFileType = sourcecode.swift; path = CameraRollAccessUITests.swift; sourceTree = "<group>"; };
		36B19BB51BDE2AD100DD35A9 /* Info.plist */ = {isa = PBXFileReference; lastKnownFileType = text.plist.xml; path = Info.plist; sourceTree = "<group>"; };
/* End PBXFileReference section */

/* Begin PBXFrameworksBuildPhase section */
		36B19B8D1BDE2AD100DD35A9 /* Frameworks */ = {
			isa = PBXFrameworksBuildPhase;
			buildActionMask = 2147483647;
			files = (
			);
			runOnlyForDeploymentPostprocessing = 0;
		};
		36B19BA11BDE2AD100DD35A9 /* Frameworks */ = {
			isa = PBXFrameworksBuildPhase;
			buildActionMask = 2147483647;
			files = (
			);
			runOnlyForDeploymentPostprocessing = 0;
		};
		36B19BAC1BDE2AD100DD35A9 /* Frameworks */ = {
			isa = PBXFrameworksBuildPhase;
			buildActionMask = 2147483647;
			files = (
			);
			runOnlyForDeploymentPostprocessing = 0;
		};
/* End PBXFrameworksBuildPhase section */

/* Begin PBXGroup section */
		360A08EA1BDEE9F10039451E /* image */ = {
			isa = PBXGroup;
			children = (
				36AA481D1BE225C900E1A955 /* blurEffect1.gif */,
				36AA481E1BE225C900E1A955 /* Simulator Screen Shot 2015.10.29 18.57.09.png */,
				36AA481F1BE225C900E1A955 /* Simulator Screen Shot 2015.10.29 18.57.26.png */,
				36AA48201BE225C900E1A955 /* Simulator Screen Shot 2015.10.29 18.57.33.png */,
				36AA48211BE225C900E1A955 /* Simulator Screen Shot 2015.10.29 18.57.49.png */,
			);
			name = image;
			sourceTree = "<group>";
		};
		36B19B871BDE2AD100DD35A9 = {
			isa = PBXGroup;
			children = (
				36B19B921BDE2AD100DD35A9 /* CameraRollAccess */,
				36B19BA71BDE2AD100DD35A9 /* CameraRollAccessTests */,
				36B19BB21BDE2AD100DD35A9 /* CameraRollAccessUITests */,
				36B19B911BDE2AD100DD35A9 /* Products */,
			);
			sourceTree = "<group>";
		};
		36B19B911BDE2AD100DD35A9 /* Products */ = {
			isa = PBXGroup;
			children = (
				36B19B901BDE2AD100DD35A9 /* CameraRollAccess.app */,
				36B19BA41BDE2AD100DD35A9 /* CameraRollAccessTests.xctest */,
				36B19BAF1BDE2AD100DD35A9 /* CameraRollAccessUITests.xctest */,
			);
			name = Products;
			sourceTree = "<group>";
		};
		36B19B921BDE2AD100DD35A9 /* CameraRollAccess */ = {
			isa = PBXGroup;
			children = (
				36B19B931BDE2AD100DD35A9 /* AppDelegate.swift */,
				36B19B951BDE2AD100DD35A9 /* ViewController.swift */,
				36B19B971BDE2AD100DD35A9 /* Main.storyboard */,
				36B19B9A1BDE2AD100DD35A9 /* Assets.xcassets */,
				36B19B9C1BDE2AD100DD35A9 /* LaunchScreen.storyboard */,
				36B19B9F1BDE2AD100DD35A9 /* Info.plist */,
				360A08EA1BDEE9F10039451E /* image */,
			);
			path = CameraRollAccess;
			sourceTree = "<group>";
		};
		36B19BA71BDE2AD100DD35A9 /* CameraRollAccessTests */ = {
			isa = PBXGroup;
			children = (
				36B19BA81BDE2AD100DD35A9 /* CameraRollAccessTests.swift */,
				36B19BAA1BDE2AD100DD35A9 /* Info.plist */,
			);
			path = CameraRollAccessTests;
			sourceTree = "<group>";
		};
		36B19BB21BDE2AD100DD35A9 /* CameraRollAccessUITests */ = {
			isa = PBXGroup;
			children = (
				36B19BB31BDE2AD100DD35A9 /* CameraRollAccessUITests.swift */,
				36B19BB51BDE2AD100DD35A9 /* Info.plist */,
			);
			path = CameraRollAccessUITests;
			sourceTree = "<group>";
		};
/* End PBXGroup section */

/* Begin PBXNativeTarget section */
		36B19B8F1BDE2AD100DD35A9 /* CameraRollAccess */ = {
			isa = PBXNativeTarget;
			buildConfigurationList = 36B19BB81BDE2AD100DD35A9 /* Build configuration list for PBXNativeTarget "CameraRollAccess" */;
			buildPhases = (
				36B19B8C1BDE2AD100DD35A9 /* Sources */,
				36B19B8D1BDE2AD100DD35A9 /* Frameworks */,
				36B19B8E1BDE2AD100DD35A9 /* Resources */,
			);
			buildRules = (
			);
			dependencies = (
			);
			name = CameraRollAccess;
			productName = CameraRollAccess;
			productReference = 36B19B901BDE2AD100DD35A9 /* CameraRollAccess.app */;
			productType = "com.apple.product-type.application";
		};
		36B19BA31BDE2AD100DD35A9 /* CameraRollAccessTests */ = {
			isa = PBXNativeTarget;
			buildConfigurationList = 36B19BBB1BDE2AD100DD35A9 /* Build configuration list for PBXNativeTarget "CameraRollAccessTests" */;
			buildPhases = (
				36B19BA01BDE2AD100DD35A9 /* Sources */,
				36B19BA11BDE2AD100DD35A9 /* Frameworks */,
				36B19BA21BDE2AD100DD35A9 /* Resources */,
			);
			buildRules = (
			);
			dependencies = (
				36B19BA61BDE2AD100DD35A9 /* PBXTargetDependency */,
			);
			name = CameraRollAccessTests;
			productName = CameraRollAccessTests;
			productReference = 36B19BA41BDE2AD100DD35A9 /* CameraRollAccessTests.xctest */;
			productType = "com.apple.product-type.bundle.unit-test";
		};
		36B19BAE1BDE2AD100DD35A9 /* CameraRollAccessUITests */ = {
			isa = PBXNativeTarget;
			buildConfigurationList = 36B19BBE1BDE2AD100DD35A9 /* Build configuration list for PBXNativeTarget "CameraRollAccessUITests" */;
			buildPhases = (
				36B19BAB1BDE2AD100DD35A9 /* Sources */,
				36B19BAC1BDE2AD100DD35A9 /* Frameworks */,
				36B19BAD1BDE2AD100DD35A9 /* Resources */,
			);
			buildRules = (
			);
			dependencies = (
				36B19BB11BDE2AD100DD35A9 /* PBXTargetDependency */,
			);
			name = CameraRollAccessUITests;
			productName = CameraRollAccessUITests;
			productReference = 36B19BAF1BDE2AD100DD35A9 /* CameraRollAccessUITests.xctest */;
			productType = "com.apple.product-type.bundle.ui-testing";
		};
/* End PBXNativeTarget section */

/* Begin PBXProject section */
		36B19B881BDE2AD100DD35A9 /* Project object */ = {
			isa = PBXProject;
			attributes = {
				LastUpgradeCheck = 0700;
				ORGANIZATIONNAME = "Masaki Horimoto";
				TargetAttributes = {
					36B19B8F1BDE2AD100DD35A9 = {
						CreatedOnToolsVersion = 7.0.1;
					};
					36B19BA31BDE2AD100DD35A9 = {
						CreatedOnToolsVersion = 7.0.1;
						TestTargetID = 36B19B8F1BDE2AD100DD35A9;
					};
					36B19BAE1BDE2AD100DD35A9 = {
						CreatedOnToolsVersion = 7.0.1;
						TestTargetID = 36B19B8F1BDE2AD100DD35A9;
					};
				};
			};
			buildConfigurationList = 36B19B8B1BDE2AD100DD35A9 /* Build configuration list for PBXProject "CameraRollAccess" */;
			compatibilityVersion = "Xcode 3.2";
			developmentRegion = English;
			hasScannedForEncodings = 0;
			knownRegions = (
				en,
				Base,
			);
			mainGroup = 36B19B871BDE2AD100DD35A9;
			productRefGroup = 36B19B911BDE2AD100DD35A9 /* Products */;
			projectDirPath = "";
			projectRoot = "";
			targets = (
				36B19B8F1BDE2AD100DD35A9 /* CameraRollAccess */,
				36B19BA31BDE2AD100DD35A9 /* CameraRollAccessTests */,
				36B19BAE1BDE2AD100DD35A9 /* CameraRollAccessUITests */,
			);
		};
/* End PBXProject section */

/* Begin PBXResourcesBuildPhase section */
		36B19B8E1BDE2AD100DD35A9 /* Resources */ = {
			isa = PBXResourcesBuildPhase;
			buildActionMask = 2147483647;
			files = (
				36AA48231BE225C900E1A955 /* Simulator Screen Shot 2015.10.29 18.57.09.png in Resources */,
				36AA48241BE225C900E1A955 /* Simulator Screen Shot 2015.10.29 18.57.26.png in Resources */,
				36B19B9E1BDE2AD100DD35A9 /* LaunchScreen.storyboard in Resources */,
				36AA48251BE225C900E1A955 /* Simulator Screen Shot 2015.10.29 18.57.33.png in Resources */,
				36AA48261BE225C900E1A955 /* Simulator Screen Shot 2015.10.29 18.57.49.png in Resources */,
				36B19B9B1BDE2AD100DD35A9 /* Assets.xcassets in Resources */,
				36AA48221BE225C900E1A955 /* blurEffect1.gif in Resources */,
				36B19B991BDE2AD100DD35A9 /* Main.storyboard in Resources */,
			);
			runOnlyForDeploymentPostprocessing = 0;
		};
		36B19BA21BDE2AD100DD35A9 /* Resources */ = {
			isa = PBXResourcesBuildPhase;
			buildActionMask = 2147483647;
			files = (
			);
			runOnlyForDeploymentPostprocessing = 0;
		};
		36B19BAD1BDE2AD100DD35A9 /* Resources */ = {
			isa = PBXResourcesBuildPhase;
			buildActionMask = 2147483647;
			files = (
			);
			runOnlyForDeploymentPostprocessing = 0;
		};
/* End PBXResourcesBuildPhase section */

/* Begin PBXSourcesBuildPhase section */
		36B19B8C1BDE2AD100DD35A9 /* Sources */ = {
			isa = PBXSourcesBuildPhase;
			buildActionMask = 2147483647;
			files = (
				36B19B961BDE2AD100DD35A9 /* ViewController.swift in Sources */,
				36B19B941BDE2AD100DD35A9 /* AppDelegate.swift in Sources */,
			);
			runOnlyForDeploymentPostprocessing = 0;
		};
		36B19BA01BDE2AD100DD35A9 /* Sources */ = {
			isa = PBXSourcesBuildPhase;
			buildActionMask = 2147483647;
			files = (
				36B19BA91BDE2AD100DD35A9 /* CameraRollAccessTests.swift in Sources */,
			);
			runOnlyForDeploymentPostprocessing = 0;
		};
		36B19BAB1BDE2AD100DD35A9 /* Sources */ = {
			isa = PBXSourcesBuildPhase;
			buildActionMask = 2147483647;
			files = (
				36B19BB41BDE2AD100DD35A9 /* CameraRollAccessUITests.swift in Sources */,
			);
			runOnlyForDeploymentPostprocessing = 0;
		};
/* End PBXSourcesBuildPhase section */

/* Begin PBXTargetDependency section */
		36B19BA61BDE2AD100DD35A9 /* PBXTargetDependency */ = {
			isa = PBXTargetDependency;
			target = 36B19B8F1BDE2AD100DD35A9 /* CameraRollAccess */;
			targetProxy = 36B19BA51BDE2AD100DD35A9 /* PBXContainerItemProxy */;
		};
		36B19BB11BDE2AD100DD35A9 /* PBXTargetDependency */ = {
			isa = PBXTargetDependency;
			target = 36B19B8F1BDE2AD100DD35A9 /* CameraRollAccess */;
			targetProxy = 36B19BB01BDE2AD100DD35A9 /* PBXContainerItemProxy */;
		};
/* End PBXTargetDependency section */

/* Begin PBXVariantGroup section */
		36B19B971BDE2AD100DD35A9 /* Main.storyboard */ = {
			isa = PBXVariantGroup;
			children = (
				36B19B981BDE2AD100DD35A9 /* Base */,
			);
			name = Main.storyboard;
			sourceTree = "<group>";
		};
		36B19B9C1BDE2AD100DD35A9 /* LaunchScreen.storyboard */ = {
			isa = PBXVariantGroup;
			children = (
				36B19B9D1BDE2AD100DD35A9 /* Base */,
			);
			name = LaunchScreen.storyboard;
			sourceTree = "<group>";
		};
/* End PBXVariantGroup section */

/* Begin XCBuildConfiguration section */
		36B19BB61BDE2AD100DD35A9 /* Debug */ = {
			isa = XCBuildConfiguration;
			buildSettings = {
				ALWAYS_SEARCH_USER_PATHS = NO;
				CLANG_CXX_LANGUAGE_STANDARD = "gnu++0x";
				CLANG_CXX_LIBRARY = "libc++";
				CLANG_ENABLE_MODULES = YES;
				CLANG_ENABLE_OBJC_ARC = YES;
				CLANG_WARN_BOOL_CONVERSION = YES;
				CLANG_WARN_CONSTANT_CONVERSION = YES;
				CLANG_WARN_DIRECT_OBJC_ISA_USAGE = YES_ERROR;
				CLANG_WARN_EMPTY_BODY = YES;
				CLANG_WARN_ENUM_CONVERSION = YES;
				CLANG_WARN_INT_CONVERSION = YES;
				CLANG_WARN_OBJC_ROOT_CLASS = YES_ERROR;
				CLANG_WARN_UNREACHABLE_CODE = YES;
				CLANG_WARN__DUPLICATE_METHOD_MATCH = YES;
				"CODE_SIGN_IDENTITY[sdk=iphoneos*]" = "iPhone Developer";
				COPY_PHASE_STRIP = NO;
				DEBUG_INFORMATION_FORMAT = dwarf;
				ENABLE_STRICT_OBJC_MSGSEND = YES;
				ENABLE_TESTABILITY = YES;
				GCC_C_LANGUAGE_STANDARD = gnu99;
				GCC_DYNAMIC_NO_PIC = NO;
				GCC_NO_COMMON_BLOCKS = YES;
				GCC_OPTIMIZATION_LEVEL = 0;
				GCC_PREPROCESSOR_DEFINITIONS = (
					"DEBUG=1",
					"$(inherited)",
				);
				GCC_WARN_64_TO_32_BIT_CONVERSION = YES;
				GCC_WARN_ABOUT_RETURN_TYPE = YES_ERROR;
				GCC_WARN_UNDECLARED_SELECTOR = YES;
				GCC_WARN_UNINITIALIZED_AUTOS = YES_AGGRESSIVE;
				GCC_WARN_UNUSED_FUNCTION = YES;
				GCC_WARN_UNUSED_VARIABLE = YES;
				IPHONEOS_DEPLOYMENT_TARGET = 9.0;
				MTL_ENABLE_DEBUG_INFO = YES;
				ONLY_ACTIVE_ARCH = YES;
				SDKROOT = iphoneos;
				SWIFT_OPTIMIZATION_LEVEL = "-Onone";
			};
			name = Debug;
		};
		36B19BB71BDE2AD100DD35A9 /* Release */ = {
			isa = XCBuildConfiguration;
			buildSettings = {
				ALWAYS_SEARCH_USER_PATHS = NO;
				CLANG_CXX_LANGUAGE_STANDARD = "gnu++0x";
				CLANG_CXX_LIBRARY = "libc++";
				CLANG_ENABLE_MODULES = YES;
				CLANG_ENABLE_OBJC_ARC = YES;
				CLANG_WARN_BOOL_CONVERSION = YES;
				CLANG_WARN_CONSTANT_CONVERSION = YES;
				CLANG_WARN_DIRECT_OBJC_ISA_USAGE = YES_ERROR;
				CLANG_WARN_EMPTY_BODY = YES;
				CLANG_WARN_ENUM_CONVERSION = YES;
				CLANG_WARN_INT_CONVERSION = YES;
				CLANG_WARN_OBJC_ROOT_CLASS = YES_ERROR;
				CLANG_WARN_UNREACHABLE_CODE = YES;
				CLANG_WARN__DUPLICATE_METHOD_MATCH = YES;
				"CODE_SIGN_IDENTITY[sdk=iphoneos*]" = "iPhone Developer";
				COPY_PHASE_STRIP = NO;
				DEBUG_INFORMATION_FORMAT = "dwarf-with-dsym";
				ENABLE_NS_ASSERTIONS = NO;
				ENABLE_STRICT_OBJC_MSGSEND = YES;
				GCC_C_LANGUAGE_STANDARD = gnu99;
				GCC_NO_COMMON_BLOCKS = YES;
				GCC_WARN_64_TO_32_BIT_CONVERSION = YES;
				GCC_WARN_ABOUT_RETURN_TYPE = YES_ERROR;
				GCC_WARN_UNDECLARED_SELECTOR = YES;
				GCC_WARN_UNINITIALIZED_AUTOS = YES_AGGRESSIVE;
				GCC_WARN_UNUSED_FUNCTION = YES;
				GCC_WARN_UNUSED_VARIABLE = YES;
				IPHONEOS_DEPLOYMENT_TARGET = 9.0;
				MTL_ENABLE_DEBUG_INFO = NO;
				SDKROOT = iphoneos;
				VALIDATE_PRODUCT = YES;
			};
			name = Release;
		};
		36B19BB91BDE2AD100DD35A9 /* Debug */ = {
			isa = XCBuildConfiguration;
			buildSettings = {
				ASSETCATALOG_COMPILER_APPICON_NAME = AppIcon;
				INFOPLIST_FILE = CameraRollAccess/Info.plist;
				LD_RUNPATH_SEARCH_PATHS = "$(inherited) @executable_path/Frameworks";
				PRODUCT_BUNDLE_IDENTIFIER = com.anthrgrnwrld.CameraRollAccess;
				PRODUCT_NAME = "$(TARGET_NAME)";
			};
			name = Debug;
		};
		36B19BBA1BDE2AD100DD35A9 /* Release */ = {
			isa = XCBuildConfiguration;
			buildSettings = {
				ASSETCATALOG_COMPILER_APPICON_NAME = AppIcon;
				INFOPLIST_FILE = CameraRollAccess/Info.plist;
				LD_RUNPATH_SEARCH_PATHS = "$(inherited) @executable_path/Frameworks";
				PRODUCT_BUNDLE_IDENTIFIER = com.anthrgrnwrld.CameraRollAccess;
				PRODUCT_NAME = "$(TARGET_NAME)";
			};
			name = Release;
		};
		36B19BBC1BDE2AD100DD35A9 /* Debug */ = {
			isa = XCBuildConfiguration;
			buildSettings = {
				BUNDLE_LOADER = "$(TEST_HOST)";
				INFOPLIST_FILE = CameraRollAccessTests/Info.plist;
				LD_RUNPATH_SEARCH_PATHS = "$(inherited) @executable_path/Frameworks @loader_path/Frameworks";
				PRODUCT_BUNDLE_IDENTIFIER = com.anthrgrnwrld.CameraRollAccessTests;
				PRODUCT_NAME = "$(TARGET_NAME)";
				TEST_HOST = "$(BUILT_PRODUCTS_DIR)/CameraRollAccess.app/CameraRollAccess";
			};
			name = Debug;
		};
		36B19BBD1BDE2AD100DD35A9 /* Release */ = {
			isa = XCBuildConfiguration;
			buildSettings = {
				BUNDLE_LOADER = "$(TEST_HOST)";
				INFOPLIST_FILE = CameraRollAccessTests/Info.plist;
				LD_RUNPATH_SEARCH_PATHS = "$(inherited) @executable_path/Frameworks @loader_path/Frameworks";
				PRODUCT_BUNDLE_IDENTIFIER = com.anthrgrnwrld.CameraRollAccessTests;
				PRODUCT_NAME = "$(TARGET_NAME)";
				TEST_HOST = "$(BUILT_PRODUCTS_DIR)/CameraRollAccess.app/CameraRollAccess";
			};
			name = Release;
		};
		36B19BBF1BDE2AD100DD35A9 /* Debug */ = {
			isa = XCBuildConfiguration;
			buildSettings = {
				INFOPLIST_FILE = CameraRollAccessUITests/Info.plist;
				LD_RUNPATH_SEARCH_PATHS = "$(inherited) @executable_path/Frameworks @loader_path/Frameworks";
				PRODUCT_BUNDLE_IDENTIFIER = com.anthrgrnwrld.CameraRollAccessUITests;
				PRODUCT_NAME = "$(TARGET_NAME)";
				TEST_TARGET_NAME = CameraRollAccess;
				USES_XCTRUNNER = YES;
			};
			name = Debug;
		};
		36B19BC01BDE2AD100DD35A9 /* Release */ = {
			isa = XCBuildConfiguration;
			buildSettings = {
				INFOPLIST_FILE = CameraRollAccessUITests/Info.plist;
				LD_RUNPATH_SEARCH_PATHS = "$(inherited) @executable_path/Frameworks @loader_path/Frameworks";
				PRODUCT_BUNDLE_IDENTIFIER = com.anthrgrnwrld.CameraRollAccessUITests;
				PRODUCT_NAME = "$(TARGET_NAME)";
				TEST_TARGET_NAME = CameraRollAccess;
				USES_XCTRUNNER = YES;
			};
			name = Release;
		};
/* End XCBuildConfiguration section */

/* Begin XCConfigurationList section */
		36B19B8B1BDE2AD100DD35A9 /* Build configuration list for PBXProject "CameraRollAccess" */ = {
			isa = XCConfigurationList;
			buildConfigurations = (
				36B19BB61BDE2AD100DD35A9 /* Debug */,
				36B19BB71BDE2AD100DD35A9 /* Release */,
			);
			defaultConfigurationIsVisible = 0;
			defaultConfigurationName = Release;
		};
		36B19BB81BDE2AD100DD35A9 /* Build configuration list for PBXNativeTarget "CameraRollAccess" */ = {
			isa = XCConfigurationList;
			buildConfigurations = (
				36B19BB91BDE2AD100DD35A9 /* Debug */,
				36B19BBA1BDE2AD100DD35A9 /* Release */,
			);
			defaultConfigurationIsVisible = 0;
			defaultConfigurationName = Release;
		};
		36B19BBB1BDE2AD100DD35A9 /* Build configuration list for PBXNativeTarget "CameraRollAccessTests" */ = {
			isa = XCConfigurationList;
			buildConfigurations = (
				36B19BBC1BDE2AD100DD35A9 /* Debug */,
				36B19BBD1BDE2AD100DD35A9 /* Release */,
			);
			defaultConfigurationIsVisible = 0;
			defaultConfigurationName = Release;
		};
		36B19BBE1BDE2AD100DD35A9 /* Build configuration list for PBXNativeTarget "CameraRollAccessUITests" */ = {
			isa = XCConfigurationList;
			buildConfigurations = (
				36B19BBF1BDE2AD100DD35A9 /* Debug */,
				36B19BC01BDE2AD100DD35A9 /* Release */,
			);
			defaultConfigurationIsVisible = 0;
			defaultConfigurationName = Release;
		};
/* End XCConfigurationList section */
	};
	rootObject = 36B19B881BDE2AD100DD35A9 /* Project object */;
}
